
Microsoft Visual Studio Solution File, Format Version 11.00
# Visual Studio 2010
Project("{FAE04EC0-301F-11D3-BF4B-00C04F79EFBC}") = "Estime.Web", "src\Estime.Web\Estime.Web.csproj", "{5D9F2432-82F3-4DD7-A23B-4F79957D813F}"
EndProject
Project("{2150E333-8FDC-42A3-9474-1A3956D46DE8}") = "build", "build", "{46D9B113-BD1F-4F0E-BA2B-F6D1DB74AC57}"
	ProjectSection(SolutionItems) = preProject
		build\build.proj = build\build.proj
		build\common.proj = build\common.proj
	EndProjectSection
EndProject
Project("{FAE04EC0-301F-11D3-BF4B-00C04F79EFBC}") = "Estime.Tests", "src\Estime.Tests\Estime.Tests.csproj", "{8E85A8A0-AD96-4021-AD9E-2C8F1C7E8B71}"
EndProject
Project("{2150E333-8FDC-42A3-9474-1A3956D46DE8}") = ".nuget", ".nuget", "{CA8D369E-3DD0-4970-A87F-6426EE8EF8A1}"
	ProjectSection(SolutionItems) = preProject
		.nuget\NuGet.exe = .nuget\NuGet.exe
		.nuget\NuGet.targets = .nuget\NuGet.targets
	EndProjectSection
EndProject
Project("{2150E333-8FDC-42A3-9474-1A3956D46DE8}") = "scripts", "scripts", "{E7EF2F70-311F-4125-AA35-45D01592818F}"
EndProject
Project("{2150E333-8FDC-42A3-9474-1A3956D46DE8}") = "create", "create", "{40B2DDE6-3AAE-4B5B-97E1-6AD87A358746}"
	ProjectSection(SolutionItems) = preProject
		build\scripts\create\0001_Create_database_structure.sql = build\scripts\create\0001_Create_database_structure.sql
		build\scripts\create\0002_Insert_test_data.sql = build\scripts\create\0002_Insert_test_data.sql
	EndProjectSection
EndProject
Project("{2150E333-8FDC-42A3-9474-1A3956D46DE8}") = "update", "update", "{2FFED28F-E402-4A93-B0D8-E8EF1E024A67}"
	ProjectSection(SolutionItems) = preProject
		build\scripts\update\0001_Update_wares_with_price.sql = build\scripts\update\0001_Update_wares_with_price.sql
	EndProjectSection
EndProject
Global
	GlobalSection(SolutionConfigurationPlatforms) = preSolution
		Debug|Any CPU = Debug|Any CPU
		Release|Any CPU = Release|Any CPU
	EndGlobalSection
	GlobalSection(ProjectConfigurationPlatforms) = postSolution
		{5D9F2432-82F3-4DD7-A23B-4F79957D813F}.Debug|Any CPU.ActiveCfg = Debug|Any CPU
		{5D9F2432-82F3-4DD7-A23B-4F79957D813F}.Debug|Any CPU.Build.0 = Debug|Any CPU
		{5D9F2432-82F3-4DD7-A23B-4F79957D813F}.Release|Any CPU.ActiveCfg = Release|Any CPU
		{5D9F2432-82F3-4DD7-A23B-4F79957D813F}.Release|Any CPU.Build.0 = Release|Any CPU
		{8E85A8A0-AD96-4021-AD9E-2C8F1C7E8B71}.Debug|Any CPU.ActiveCfg = Debug|Any CPU
		{8E85A8A0-AD96-4021-AD9E-2C8F1C7E8B71}.Debug|Any CPU.Build.0 = Debug|Any CPU
		{8E85A8A0-AD96-4021-AD9E-2C8F1C7E8B71}.Release|Any CPU.ActiveCfg = Release|Any CPU
		{8E85A8A0-AD96-4021-AD9E-2C8F1C7E8B71}.Release|Any CPU.Build.0 = Release|Any CPU
	EndGlobalSection
	GlobalSection(SolutionProperties) = preSolution
		HideSolutionNode = FALSE
	EndGlobalSection
	GlobalSection(NestedProjects) = preSolution
		{E7EF2F70-311F-4125-AA35-45D01592818F} = {46D9B113-BD1F-4F0E-BA2B-F6D1DB74AC57}
		{8E85A8A0-AD96-4021-AD9E-2C8F1C7E8B71} = {46D9B113-BD1F-4F0E-BA2B-F6D1DB74AC57}
		{40B2DDE6-3AAE-4B5B-97E1-6AD87A358746} = {E7EF2F70-311F-4125-AA35-45D01592818F}
		{2FFED28F-E402-4A93-B0D8-E8EF1E024A67} = {E7EF2F70-311F-4125-AA35-45D01592818F}
	EndGlobalSection
EndGlobal
